// !$*UTF8*$!
{
	archiveVersion = 1;
	classes = {
	};
	objectVersion = 55;
	objects = {

/* Begin PBXBuildFile section */
		789A9196280F2DA4006F6B61 /* AppDelegate.swift in Sources */ = {isa = PBXBuildFile; fileRef = 789A9195280F2DA4006F6B61 /* AppDelegate.swift */; };
		789A9198280F2DA4006F6B61 /* SceneDelegate.swift in Sources */ = {isa = PBXBuildFile; fileRef = 789A9197280F2DA4006F6B61 /* SceneDelegate.swift */; };
		789A919A280F2DA4006F6B61 /* ScheduleViewController.swift in Sources */ = {isa = PBXBuildFile; fileRef = 789A9199280F2DA4006F6B61 /* ScheduleViewController.swift */; };
		789A919F280F2DA5006F6B61 /* Assets.xcassets in Resources */ = {isa = PBXBuildFile; fileRef = 789A919E280F2DA5006F6B61 /* Assets.xcassets */; };
		789A91A2280F2DA5006F6B61 /* LaunchScreen.storyboard in Resources */ = {isa = PBXBuildFile; fileRef = 789A91A0280F2DA5006F6B61 /* LaunchScreen.storyboard */; };
		789A91AD280F2DA5006F6B61 /* MyScheduleTests.swift in Sources */ = {isa = PBXBuildFile; fileRef = 789A91AC280F2DA5006F6B61 /* MyScheduleTests.swift */; };
		789A91B7280F2DA5006F6B61 /* MyScheduleUITests.swift in Sources */ = {isa = PBXBuildFile; fileRef = 789A91B6280F2DA5006F6B61 /* MyScheduleUITests.swift */; };
		789A91B9280F2DA5006F6B61 /* MyScheduleUITestsLaunchTests.swift in Sources */ = {isa = PBXBuildFile; fileRef = 789A91B8280F2DA5006F6B61 /* MyScheduleUITestsLaunchTests.swift */; };
		789A91CA280F2F10006F6B61 /* MainTabBarController.swift in Sources */ = {isa = PBXBuildFile; fileRef = 789A91C9280F2F10006F6B61 /* MainTabBarController.swift */; };
		789A91CC280F3071006F6B61 /* TasksViewController.swift in Sources */ = {isa = PBXBuildFile; fileRef = 789A91CB280F3071006F6B61 /* TasksViewController.swift */; };
		789A91CE280F3080006F6B61 /* ContactsViewController.swift in Sources */ = {isa = PBXBuildFile; fileRef = 789A91CD280F3080006F6B61 /* ContactsViewController.swift */; };
/* End PBXBuildFile section */

/* Begin PBXContainerItemProxy section */
		789A91A9280F2DA5006F6B61 /* PBXContainerItemProxy */ = {
			isa = PBXContainerItemProxy;
			containerPortal = 789A918A280F2DA3006F6B61 /* Project object */;
			proxyType = 1;
			remoteGlobalIDString = 789A9191280F2DA4006F6B61;
			remoteInfo = MySchedule;
		};
		789A91B3280F2DA5006F6B61 /* PBXContainerItemProxy */ = {
			isa = PBXContainerItemProxy;
			containerPortal = 789A918A280F2DA3006F6B61 /* Project object */;
			proxyType = 1;
			remoteGlobalIDString = 789A9191280F2DA4006F6B61;
			remoteInfo = MySchedule;
		};
/* End PBXContainerItemProxy section */

/* Begin PBXFileReference section */
		789A9192280F2DA4006F6B61 /* MySchedule.app */ = {isa = PBXFileReference; explicitFileType = wrapper.application; includeInIndex = 0; path = MySchedule.app; sourceTree = BUILT_PRODUCTS_DIR; };
		789A9195280F2DA4006F6B61 /* AppDelegate.swift */ = {isa = PBXFileReference; lastKnownFileType = sourcecode.swift; path = AppDelegate.swift; sourceTree = "<group>"; };
		789A9197280F2DA4006F6B61 /* SceneDelegate.swift */ = {isa = PBXFileReference; lastKnownFileType = sourcecode.swift; path = SceneDelegate.swift; sourceTree = "<group>"; };
		789A9199280F2DA4006F6B61 /* ScheduleViewController.swift */ = {isa = PBXFileReference; lastKnownFileType = sourcecode.swift; path = ScheduleViewController.swift; sourceTree = "<group>"; };
		789A919E280F2DA5006F6B61 /* Assets.xcassets */ = {isa = PBXFileReference; lastKnownFileType = folder.assetcatalog; path = Assets.xcassets; sourceTree = "<group>"; };
		789A91A1280F2DA5006F6B61 /* Base */ = {isa = PBXFileReference; lastKnownFileType = file.storyboard; name = Base; path = Base.lproj/LaunchScreen.storyboard; sourceTree = "<group>"; };
		789A91A3280F2DA5006F6B61 /* Info.plist */ = {isa = PBXFileReference; lastKnownFileType = text.plist.xml; path = Info.plist; sourceTree = "<group>"; };
		789A91A8280F2DA5006F6B61 /* MyScheduleTests.xctest */ = {isa = PBXFileReference; explicitFileType = wrapper.cfbundle; includeInIndex = 0; path = MyScheduleTests.xctest; sourceTree = BUILT_PRODUCTS_DIR; };
		789A91AC280F2DA5006F6B61 /* MyScheduleTests.swift */ = {isa = PBXFileReference; lastKnownFileType = sourcecode.swift; path = MyScheduleTests.swift; sourceTree = "<group>"; };
		789A91B2280F2DA5006F6B61 /* MyScheduleUITests.xctest */ = {isa = PBXFileReference; explicitFileType = wrapper.cfbundle; includeInIndex = 0; path = MyScheduleUITests.xctest; sourceTree = BUILT_PRODUCTS_DIR; };
		789A91B6280F2DA5006F6B61 /* MyScheduleUITests.swift */ = {isa = PBXFileReference; lastKnownFileType = sourcecode.swift; path = MyScheduleUITests.swift; sourceTree = "<group>"; };
		789A91B8280F2DA5006F6B61 /* MyScheduleUITestsLaunchTests.swift */ = {isa = PBXFileReference; lastKnownFileType = sourcecode.swift; path = MyScheduleUITestsLaunchTests.swift; sourceTree = "<group>"; };
		789A91C9280F2F10006F6B61 /* MainTabBarController.swift */ = {isa = PBXFileReference; lastKnownFileType = sourcecode.swift; path = MainTabBarController.swift; sourceTree = "<group>"; };
		789A91CB280F3071006F6B61 /* TasksViewController.swift */ = {isa = PBXFileReference; lastKnownFileType = sourcecode.swift; path = TasksViewController.swift; sourceTree = "<group>"; };
		789A91CD280F3080006F6B61 /* ContactsViewController.swift */ = {isa = PBXFileReference; lastKnownFileType = sourcecode.swift; path = ContactsViewController.swift; sourceTree = "<group>"; };
/* End PBXFileReference section */

/* Begin PBXFrameworksBuildPhase section */
		789A918F280F2DA4006F6B61 /* Frameworks */ = {
			isa = PBXFrameworksBuildPhase;
			buildActionMask = 2147483647;
			files = (
			);
			runOnlyForDeploymentPostprocessing = 0;
		};
		789A91A5280F2DA5006F6B61 /* Frameworks */ = {
			isa = PBXFrameworksBuildPhase;
			buildActionMask = 2147483647;
			files = (
			);
			runOnlyForDeploymentPostprocessing = 0;
		};
		789A91AF280F2DA5006F6B61 /* Frameworks */ = {
			isa = PBXFrameworksBuildPhase;
			buildActionMask = 2147483647;
			files = (
			);
			runOnlyForDeploymentPostprocessing = 0;
		};
/* End PBXFrameworksBuildPhase section */

/* Begin PBXGroup section */
		789A9189280F2DA3006F6B61 = {
			isa = PBXGroup;
			children = (
				789A9194280F2DA4006F6B61 /* MySchedule */,
				789A91AB280F2DA5006F6B61 /* MyScheduleTests */,
				789A91B5280F2DA5006F6B61 /* MyScheduleUITests */,
				789A9193280F2DA4006F6B61 /* Products */,
			);
			sourceTree = "<group>";
		};
		789A9193280F2DA4006F6B61 /* Products */ = {
			isa = PBXGroup;
			children = (
				789A9192280F2DA4006F6B61 /* MySchedule.app */,
				789A91A8280F2DA5006F6B61 /* MyScheduleTests.xctest */,
				789A91B2280F2DA5006F6B61 /* MyScheduleUITests.xctest */,
			);
			name = Products;
			sourceTree = "<group>";
		};
		789A9194280F2DA4006F6B61 /* MySchedule */ = {
			isa = PBXGroup;
			children = (
				789A91C9280F2F10006F6B61 /* MainTabBarController.swift */,
				789A91C8280F2EDB006F6B61 /* ViewControllers */,
				789A91C7280F2E54006F6B61 /* Application */,
				789A91C5280F2E3D006F6B61 /* Resources */,
				789A91C6280F2E49006F6B61 /* Storyboards */,
			);
			path = MySchedule;
			sourceTree = "<group>";
		};
		789A91AB280F2DA5006F6B61 /* MyScheduleTests */ = {
			isa = PBXGroup;
			children = (
				789A91AC280F2DA5006F6B61 /* MyScheduleTests.swift */,
			);
			path = MyScheduleTests;
			sourceTree = "<group>";
		};
		789A91B5280F2DA5006F6B61 /* MyScheduleUITests */ = {
			isa = PBXGroup;
			children = (
				789A91B6280F2DA5006F6B61 /* MyScheduleUITests.swift */,
				789A91B8280F2DA5006F6B61 /* MyScheduleUITestsLaunchTests.swift */,
			);
			path = MyScheduleUITests;
			sourceTree = "<group>";
		};
		789A91C5280F2E3D006F6B61 /* Resources */ = {
			isa = PBXGroup;
			children = (
				789A919E280F2DA5006F6B61 /* Assets.xcassets */,
			);
			path = Resources;
			sourceTree = "<group>";
		};
		789A91C6280F2E49006F6B61 /* Storyboards */ = {
			isa = PBXGroup;
			children = (
				789A91A0280F2DA5006F6B61 /* LaunchScreen.storyboard */,
			);
			path = Storyboards;
			sourceTree = "<group>";
		};
		789A91C7280F2E54006F6B61 /* Application */ = {
			isa = PBXGroup;
			children = (
				789A9195280F2DA4006F6B61 /* AppDelegate.swift */,
				789A9197280F2DA4006F6B61 /* SceneDelegate.swift */,
				789A91A3280F2DA5006F6B61 /* Info.plist */,
			);
			path = Application;
			sourceTree = "<group>";
		};
		789A91C8280F2EDB006F6B61 /* ViewControllers */ = {
			isa = PBXGroup;
			children = (
				789A9199280F2DA4006F6B61 /* ScheduleViewController.swift */,
				789A91CB280F3071006F6B61 /* TasksViewController.swift */,
				789A91CD280F3080006F6B61 /* ContactsViewController.swift */,
			);
			path = ViewControllers;
			sourceTree = "<group>";
		};
/* End PBXGroup section */

/* Begin PBXNativeTarget section */
		789A9191280F2DA4006F6B61 /* MySchedule */ = {
			isa = PBXNativeTarget;
			buildConfigurationList = 789A91BC280F2DA5006F6B61 /* Build configuration list for PBXNativeTarget "MySchedule" */;
			buildPhases = (
				789A918E280F2DA4006F6B61 /* Sources */,
				789A918F280F2DA4006F6B61 /* Frameworks */,
				789A9190280F2DA4006F6B61 /* Resources */,
			);
			buildRules = (
			);
			dependencies = (
			);
			name = MySchedule;
			productName = MySchedule;
			productReference = 789A9192280F2DA4006F6B61 /* MySchedule.app */;
			productType = "com.apple.product-type.application";
		};
		789A91A7280F2DA5006F6B61 /* MyScheduleTests */ = {
			isa = PBXNativeTarget;
			buildConfigurationList = 789A91BF280F2DA5006F6B61 /* Build configuration list for PBXNativeTarget "MyScheduleTests" */;
			buildPhases = (
				789A91A4280F2DA5006F6B61 /* Sources */,
				789A91A5280F2DA5006F6B61 /* Frameworks */,
				789A91A6280F2DA5006F6B61 /* Resources */,
			);
			buildRules = (
			);
			dependencies = (
				789A91AA280F2DA5006F6B61 /* PBXTargetDependency */,
			);
			name = MyScheduleTests;
			productName = MyScheduleTests;
			productReference = 789A91A8280F2DA5006F6B61 /* MyScheduleTests.xctest */;
			productType = "com.apple.product-type.bundle.unit-test";
		};
		789A91B1280F2DA5006F6B61 /* MyScheduleUITests */ = {
			isa = PBXNativeTarget;
			buildConfigurationList = 789A91C2280F2DA5006F6B61 /* Build configuration list for PBXNativeTarget "MyScheduleUITests" */;
			buildPhases = (
				789A91AE280F2DA5006F6B61 /* Sources */,
				789A91AF280F2DA5006F6B61 /* Frameworks */,
				789A91B0280F2DA5006F6B61 /* Resources */,
			);
			buildRules = (
			);
			dependencies = (
				789A91B4280F2DA5006F6B61 /* PBXTargetDependency */,
			);
			name = MyScheduleUITests;
			productName = MyScheduleUITests;
			productReference = 789A91B2280F2DA5006F6B61 /* MyScheduleUITests.xctest */;
			productType = "com.apple.product-type.bundle.ui-testing";
		};
/* End PBXNativeTarget section */

/* Begin PBXProject section */
		789A918A280F2DA3006F6B61 /* Project object */ = {
			isa = PBXProject;
			attributes = {
				BuildIndependentTargetsInParallel = 1;
				LastSwiftUpdateCheck = 1330;
				LastUpgradeCheck = 1330;
				TargetAttributes = {
					789A9191280F2DA4006F6B61 = {
						CreatedOnToolsVersion = 13.3.1;
					};
					789A91A7280F2DA5006F6B61 = {
						CreatedOnToolsVersion = 13.3.1;
						TestTargetID = 789A9191280F2DA4006F6B61;
					};
					789A91B1280F2DA5006F6B61 = {
						CreatedOnToolsVersion = 13.3.1;
						TestTargetID = 789A9191280F2DA4006F6B61;
					};
				};
			};
			buildConfigurationList = 789A918D280F2DA3006F6B61 /* Build configuration list for PBXProject "MySchedule" */;
			compatibilityVersion = "Xcode 13.0";
			developmentRegion = en;
			hasScannedForEncodings = 0;
			knownRegions = (
				en,
				Base,
			);
			mainGroup = 789A9189280F2DA3006F6B61;
			productRefGroup = 789A9193280F2DA4006F6B61 /* Products */;
			projectDirPath = "";
			projectRoot = "";
			targets = (
				789A9191280F2DA4006F6B61 /* MySchedule */,
				789A91A7280F2DA5006F6B61 /* MyScheduleTests */,
				789A91B1280F2DA5006F6B61 /* MyScheduleUITests */,
			);
		};
/* End PBXProject section */

/* Begin PBXResourcesBuildPhase section */
		789A9190280F2DA4006F6B61 /* Resources */ = {
			isa = PBXResourcesBuildPhase;
			buildActionMask = 2147483647;
			files = (
				789A91A2280F2DA5006F6B61 /* LaunchScreen.storyboard in Resources */,
				789A919F280F2DA5006F6B61 /* Assets.xcassets in Resources */,
			);
			runOnlyForDeploymentPostprocessing = 0;
		};
		789A91A6280F2DA5006F6B61 /* Resources */ = {
			isa = PBXResourcesBuildPhase;
			buildActionMask = 2147483647;
			files = (
			);
			runOnlyForDeploymentPostprocessing = 0;
		};
		789A91B0280F2DA5006F6B61 /* Resources */ = {
			isa = PBXResourcesBuildPhase;
			buildActionMask = 2147483647;
			files = (
			);
			runOnlyForDeploymentPostprocessing = 0;
		};
/* End PBXResourcesBuildPhase section */

/* Begin PBXSourcesBuildPhase section */
		789A918E280F2DA4006F6B61 /* Sources */ = {
			isa = PBXSourcesBuildPhase;
			buildActionMask = 2147483647;
			files = (
				789A919A280F2DA4006F6B61 /* ScheduleViewController.swift in Sources */,
				789A9196280F2DA4006F6B61 /* AppDelegate.swift in Sources */,
				789A91CC280F3071006F6B61 /* TasksViewController.swift in Sources */,
				789A91CA280F2F10006F6B61 /* MainTabBarController.swift in Sources */,
				789A9198280F2DA4006F6B61 /* SceneDelegate.swift in Sources */,
				789A91CE280F3080006F6B61 /* ContactsViewController.swift in Sources */,
			);
			runOnlyForDeploymentPostprocessing = 0;
		};
		789A91A4280F2DA5006F6B61 /* Sources */ = {
			isa = PBXSourcesBuildPhase;
			buildActionMask = 2147483647;
			files = (
				789A91AD280F2DA5006F6B61 /* MyScheduleTests.swift in Sources */,
			);
			runOnlyForDeploymentPostprocessing = 0;
		};
		789A91AE280F2DA5006F6B61 /* Sources */ = {
			isa = PBXSourcesBuildPhase;
			buildActionMask = 2147483647;
			files = (
				789A91B7280F2DA5006F6B61 /* MyScheduleUITests.swift in Sources */,
				789A91B9280F2DA5006F6B61 /* MyScheduleUITestsLaunchTests.swift in Sources */,
			);
			runOnlyForDeploymentPostprocessing = 0;
		};
/* End PBXSourcesBuildPhase section */

/* Begin PBXTargetDependency section */
		789A91AA280F2DA5006F6B61 /* PBXTargetDependency */ = {
			isa = PBXTargetDependency;
			target = 789A9191280F2DA4006F6B61 /* MySchedule */;
			targetProxy = 789A91A9280F2DA5006F6B61 /* PBXContainerItemProxy */;
		};
		789A91B4280F2DA5006F6B61 /* PBXTargetDependency */ = {
			isa = PBXTargetDependency;
			target = 789A9191280F2DA4006F6B61 /* MySchedule */;
			targetProxy = 789A91B3280F2DA5006F6B61 /* PBXContainerItemProxy */;
		};
/* End PBXTargetDependency section */

/* Begin PBXVariantGroup section */
		789A91A0280F2DA5006F6B61 /* LaunchScreen.storyboard */ = {
			isa = PBXVariantGroup;
			children = (
				789A91A1280F2DA5006F6B61 /* Base */,
			);
			name = LaunchScreen.storyboard;
			sourceTree = "<group>";
		};
/* End PBXVariantGroup section */

/* Begin XCBuildConfiguration section */
		789A91BA280F2DA5006F6B61 /* Debug */ = {
			isa = XCBuildConfiguration;
			buildSettings = {
				ALWAYS_SEARCH_USER_PATHS = NO;
				CLANG_ANALYZER_NONNULL = YES;
				CLANG_ANALYZER_NUMBER_OBJECT_CONVERSION = YES_AGGRESSIVE;
				CLANG_CXX_LANGUAGE_STANDARD = "gnu++17";
				CLANG_ENABLE_MODULES = YES;
				CLANG_ENABLE_OBJC_ARC = YES;
				CLANG_ENABLE_OBJC_WEAK = YES;
				CLANG_WARN_BLOCK_CAPTURE_AUTORELEASING = YES;
				CLANG_WARN_BOOL_CONVERSION = YES;
				CLANG_WARN_COMMA = YES;
				CLANG_WARN_CONSTANT_CONVERSION = YES;
				CLANG_WARN_DEPRECATED_OBJC_IMPLEMENTATIONS = YES;
				CLANG_WARN_DIRECT_OBJC_ISA_USAGE = YES_ERROR;
				CLANG_WARN_DOCUMENTATION_COMMENTS = YES;
				CLANG_WARN_EMPTY_BODY = YES;
				CLANG_WARN_ENUM_CONVERSION = YES;
				CLANG_WARN_INFINITE_RECURSION = YES;
				CLANG_WARN_INT_CONVERSION = YES;
				CLANG_WARN_NON_LITERAL_NULL_CONVERSION = YES;
				CLANG_WARN_OBJC_IMPLICIT_RETAIN_SELF = YES;
				CLANG_WARN_OBJC_LITERAL_CONVERSION = YES;
				CLANG_WARN_OBJC_ROOT_CLASS = YES_ERROR;
				CLANG_WARN_QUOTED_INCLUDE_IN_FRAMEWORK_HEADER = YES;
				CLANG_WARN_RANGE_LOOP_ANALYSIS = YES;
				CLANG_WARN_STRICT_PROTOTYPES = YES;
				CLANG_WARN_SUSPICIOUS_MOVE = YES;
				CLANG_WARN_UNGUARDED_AVAILABILITY = YES_AGGRESSIVE;
				CLANG_WARN_UNREACHABLE_CODE = YES;
				CLANG_WARN__DUPLICATE_METHOD_MATCH = YES;
				COPY_PHASE_STRIP = NO;
				DEBUG_INFORMATION_FORMAT = dwarf;
				ENABLE_STRICT_OBJC_MSGSEND = YES;
				ENABLE_TESTABILITY = YES;
				GCC_C_LANGUAGE_STANDARD = gnu11;
				GCC_DYNAMIC_NO_PIC = NO;
				GCC_NO_COMMON_BLOCKS = YES;
				GCC_OPTIMIZATION_LEVEL = 0;
				GCC_PREPROCESSOR_DEFINITIONS = (
					"DEBUG=1",
					"$(inherited)",
				);
				GCC_WARN_64_TO_32_BIT_CONVERSION = YES;
				GCC_WARN_ABOUT_RETURN_TYPE = YES_ERROR;
				GCC_WARN_UNDECLARED_SELECTOR = YES;
				GCC_WARN_UNINITIALIZED_AUTOS = YES_AGGRESSIVE;
				GCC_WARN_UNUSED_FUNCTION = YES;
				GCC_WARN_UNUSED_VARIABLE = YES;
				IPHONEOS_DEPLOYMENT_TARGET = 15.4;
				MTL_ENABLE_DEBUG_INFO = INCLUDE_SOURCE;
				MTL_FAST_MATH = YES;
				ONLY_ACTIVE_ARCH = YES;
				SDKROOT = iphoneos;
				SWIFT_ACTIVE_COMPILATION_CONDITIONS = DEBUG;
				SWIFT_OPTIMIZATION_LEVEL = "-Onone";
			};
			name = Debug;
		};
		789A91BB280F2DA5006F6B61 /* Release */ = {
			isa = XCBuildConfiguration;
			buildSettings = {
				ALWAYS_SEARCH_USER_PATHS = NO;
				CLANG_ANALYZER_NONNULL = YES;
				CLANG_ANALYZER_NUMBER_OBJECT_CONVERSION = YES_AGGRESSIVE;
				CLANG_CXX_LANGUAGE_STANDARD = "gnu++17";
				CLANG_ENABLE_MODULES = YES;
				CLANG_ENABLE_OBJC_ARC = YES;
				CLANG_ENABLE_OBJC_WEAK = YES;
				CLANG_WARN_BLOCK_CAPTURE_AUTORELEASING = YES;
				CLANG_WARN_BOOL_CONVERSION = YES;
				CLANG_WARN_COMMA = YES;
				CLANG_WARN_CONSTANT_CONVERSION = YES;
				CLANG_WARN_DEPRECATED_OBJC_IMPLEMENTATIONS = YES;
				CLANG_WARN_DIRECT_OBJC_ISA_USAGE = YES_ERROR;
				CLANG_WARN_DOCUMENTATION_COMMENTS = YES;
				CLANG_WARN_EMPTY_BODY = YES;
				CLANG_WARN_ENUM_CONVERSION = YES;
				CLANG_WARN_INFINITE_RECURSION = YES;
				CLANG_WARN_INT_CONVERSION = YES;
				CLANG_WARN_NON_LITERAL_NULL_CONVERSION = YES;
				CLANG_WARN_OBJC_IMPLICIT_RETAIN_SELF = YES;
				CLANG_WARN_OBJC_LITERAL_CONVERSION = YES;
				CLANG_WARN_OBJC_ROOT_CLASS = YES_ERROR;
				CLANG_WARN_QUOTED_INCLUDE_IN_FRAMEWORK_HEADER = YES;
				CLANG_WARN_RANGE_LOOP_ANALYSIS = YES;
				CLANG_WARN_STRICT_PROTOTYPES = YES;
				CLANG_WARN_SUSPICIOUS_MOVE = YES;
				CLANG_WARN_UNGUARDED_AVAILABILITY = YES_AGGRESSIVE;
				CLANG_WARN_UNREACHABLE_CODE = YES;
				CLANG_WARN__DUPLICATE_METHOD_MATCH = YES;
				COPY_PHASE_STRIP = NO;
				DEBUG_INFORMATION_FORMAT = "dwarf-with-dsym";
				ENABLE_NS_ASSERTIONS = NO;
				ENABLE_STRICT_OBJC_MSGSEND = YES;
				GCC_C_LANGUAGE_STANDARD = gnu11;
				GCC_NO_COMMON_BLOCKS = YES;
				GCC_WARN_64_TO_32_BIT_CONVERSION = YES;
				GCC_WARN_ABOUT_RETURN_TYPE = YES_ERROR;
				GCC_WARN_UNDECLARED_SELECTOR = YES;
				GCC_WARN_UNINITIALIZED_AUTOS = YES_AGGRESSIVE;
				GCC_WARN_UNUSED_FUNCTION = YES;
				GCC_WARN_UNUSED_VARIABLE = YES;
				IPHONEOS_DEPLOYMENT_TARGET = 15.4;
				MTL_ENABLE_DEBUG_INFO = NO;
				MTL_FAST_MATH = YES;
				SDKROOT = iphoneos;
				SWIFT_COMPILATION_MODE = wholemodule;
				SWIFT_OPTIMIZATION_LEVEL = "-O";
				VALIDATE_PRODUCT = YES;
			};
			name = Release;
		};
		789A91BD280F2DA5006F6B61 /* Debug */ = {
			isa = XCBuildConfiguration;
			buildSettings = {
				ASSETCATALOG_COMPILER_APPICON_NAME = AppIcon;
				ASSETCATALOG_COMPILER_GLOBAL_ACCENT_COLOR_NAME = AccentColor;
				CODE_SIGN_STYLE = Automatic;
				CURRENT_PROJECT_VERSION = 1;
				DEVELOPMENT_TEAM = K5L7239SK4;
				GENERATE_INFOPLIST_FILE = YES;
				INFOPLIST_FILE = MySchedule/Application/Info.plist;
				INFOPLIST_KEY_UIApplicationSupportsIndirectInputEvents = YES;
				INFOPLIST_KEY_UILaunchStoryboardName = LaunchScreen;
				INFOPLIST_KEY_UISupportedInterfaceOrientations_iPad = "UIInterfaceOrientationPortrait UIInterfaceOrientationPortraitUpsideDown UIInterfaceOrientationLandscapeLeft UIInterfaceOrientationLandscapeRight";
				INFOPLIST_KEY_UISupportedInterfaceOrientations_iPhone = "UIInterfaceOrientationPortrait UIInterfaceOrientationLandscapeLeft UIInterfaceOrientationLandscapeRight";
				IPHONEOS_DEPLOYMENT_TARGET = 13.0;
				LD_RUNPATH_SEARCH_PATHS = (
					"$(inherited)",
					"@executable_path/Frameworks",
				);
				MARKETING_VERSION = 1.0;
				PRODUCT_BUNDLE_IDENTIFIER = lexemz.MySchedule;
				PRODUCT_NAME = "$(TARGET_NAME)";
				SWIFT_EMIT_LOC_STRINGS = YES;
				SWIFT_VERSION = 5.0;
				TARGETED_DEVICE_FAMILY = "1,2";
			};
			name = Debug;
		};
		789A91BE280F2DA5006F6B61 /* Release */ = {
			isa = XCBuildConfiguration;
			buildSettings = {
				ASSETCATALOG_COMPILER_APPICON_NAME = AppIcon;
				ASSETCATALOG_COMPILER_GLOBAL_ACCENT_COLOR_NAME = AccentColor;
				CODE_SIGN_STYLE = Automatic;
				CURRENT_PROJECT_VERSION = 1;
				DEVELOPMENT_TEAM = K5L7239SK4;
				GENERATE_INFOPLIST_FILE = YES;
				INFOPLIST_FILE = MySchedule/Application/Info.plist;
				INFOPLIST_KEY_UIApplicationSupportsIndirectInputEvents = YES;
				INFOPLIST_KEY_UILaunchStoryboardName = LaunchScreen;
				INFOPLIST_KEY_UISupportedInterfaceOrientations_iPad = "UIInterfaceOrientationPortrait UIInterfaceOrientationPortraitUpsideDown UIInterfaceOrientationLandscapeLeft UIInterfaceOrientationLandscapeRight";
				INFOPLIST_KEY_UISupportedInterfaceOrientations_iPhone = "UIInterfaceOrientationPortrait UIInterfaceOrientationLandscapeLeft UIInterfaceOrientationLandscapeRight";
				IPHONEOS_DEPLOYMENT_TARGET = 13.0;
				LD_RUNPATH_SEARCH_PATHS = (
					"$(inherited)",
					"@executable_path/Frameworks",
				);
				MARKETING_VERSION = 1.0;
				PRODUCT_BUNDLE_IDENTIFIER = lexemz.MySchedule;
				PRODUCT_NAME = "$(TARGET_NAME)";
				SWIFT_EMIT_LOC_STRINGS = YES;
				SWIFT_VERSION = 5.0;
				TARGETED_DEVICE_FAMILY = "1,2";
			};
			name = Release;
		};
		789A91C0280F2DA5006F6B61 /* Debug */ = {
			isa = XCBuildConfiguration;
			buildSettings = {
				ALWAYS_EMBED_SWIFT_STANDARD_LIBRARIES = YES;
				BUNDLE_LOADER = "$(TEST_HOST)";
				CODE_SIGN_STYLE = Automatic;
				CURRENT_PROJECT_VERSION = 1;
				DEVELOPMENT_TEAM = K5L7239SK4;
				GENERATE_INFOPLIST_FILE = YES;
				IPHONEOS_DEPLOYMENT_TARGET = 15.4;
				MARKETING_VERSION = 1.0;
				PRODUCT_BUNDLE_IDENTIFIER = lexemz.MyScheduleTests;
				PRODUCT_NAME = "$(TARGET_NAME)";
				SWIFT_EMIT_LOC_STRINGS = NO;
				SWIFT_VERSION = 5.0;
				TARGETED_DEVICE_FAMILY = "1,2";
				TEST_HOST = "$(BUILT_PRODUCTS_DIR)/MySchedule.app/MySchedule";
			};
			name = Debug;
		};
		789A91C1280F2DA5006F6B61 /* Release */ = {
			isa = XCBuildConfiguration;
			buildSettings = {
				ALWAYS_EMBED_SWIFT_STANDARD_LIBRARIES = YES;
				BUNDLE_LOADER = "$(TEST_HOST)";
				CODE_SIGN_STYLE = Automatic;
				CURRENT_PROJECT_VERSION = 1;
				DEVELOPMENT_TEAM = K5L7239SK4;
				GENERATE_INFOPLIST_FILE = YES;
				IPHONEOS_DEPLOYMENT_TARGET = 15.4;
				MARKETING_VERSION = 1.0;
				PRODUCT_BUNDLE_IDENTIFIER = lexemz.MyScheduleTests;
				PRODUCT_NAME = "$(TARGET_NAME)";
				SWIFT_EMIT_LOC_STRINGS = NO;
				SWIFT_VERSION = 5.0;
				TARGETED_DEVICE_FAMILY = "1,2";
				TEST_HOST = "$(BUILT_PRODUCTS_DIR)/MySchedule.app/MySchedule";
			};
			name = Release;
		};
		789A91C3280F2DA5006F6B61 /* Debug */ = {
			isa = XCBuildConfiguration;
			buildSettings = {
				ALWAYS_EMBED_SWIFT_STANDARD_LIBRARIES = YES;
				CODE_SIGN_STYLE = Automatic;
				CURRENT_PROJECT_VERSION = 1;
				DEVELOPMENT_TEAM = K5L7239SK4;
				GENERATE_INFOPLIST_FILE = YES;
				MARKETING_VERSION = 1.0;
				PRODUCT_BUNDLE_IDENTIFIER = lexemz.MyScheduleUITests;
				PRODUCT_NAME = "$(TARGET_NAME)";
				SWIFT_EMIT_LOC_STRINGS = NO;
				SWIFT_VERSION = 5.0;
				TARGETED_DEVICE_FAMILY = "1,2";
				TEST_TARGET_NAME = MySchedule;
			};
			name = Debug;
		};
		789A91C4280F2DA5006F6B61 /* Release */ = {
			isa = XCBuildConfiguration;
			buildSettings = {
				ALWAYS_EMBED_SWIFT_STANDARD_LIBRARIES = YES;
				CODE_SIGN_STYLE = Automatic;
				CURRENT_PROJECT_VERSION = 1;
				DEVELOPMENT_TEAM = K5L7239SK4;
				GENERATE_INFOPLIST_FILE = YES;
				MARKETING_VERSION = 1.0;
				PRODUCT_BUNDLE_IDENTIFIER = lexemz.MyScheduleUITests;
				PRODUCT_NAME = "$(TARGET_NAME)";
				SWIFT_EMIT_LOC_STRINGS = NO;
				SWIFT_VERSION = 5.0;
				TARGETED_DEVICE_FAMILY = "1,2";
				TEST_TARGET_NAME = MySchedule;
			};
			name = Release;
		};
/* End XCBuildConfiguration section */

/* Begin XCConfigurationList section */
		789A918D280F2DA3006F6B61 /* Build configuration list for PBXProject "MySchedule" */ = {
			isa = XCConfigurationList;
			buildConfigurations = (
				789A91BA280F2DA5006F6B61 /* Debug */,
				789A91BB280F2DA5006F6B61 /* Release */,
			);
			defaultConfigurationIsVisible = 0;
			defaultConfigurationName = Release;
		};
		789A91BC280F2DA5006F6B61 /* Build configuration list for PBXNativeTarget "MySchedule" */ = {
			isa = XCConfigurationList;
			buildConfigurations = (
				789A91BD280F2DA5006F6B61 /* Debug */,
				789A91BE280F2DA5006F6B61 /* Release */,
			);
			defaultConfigurationIsVisible = 0;
			defaultConfigurationName = Release;
		};
		789A91BF280F2DA5006F6B61 /* Build configuration list for PBXNativeTarget "MyScheduleTests" */ = {
			isa = XCConfigurationList;
			buildConfigurations = (
				789A91C0280F2DA5006F6B61 /* Debug */,
				789A91C1280F2DA5006F6B61 /* Release */,
			);
			defaultConfigurationIsVisible = 0;
			defaultConfigurationName = Release;
		};
		789A91C2280F2DA5006F6B61 /* Build configuration list for PBXNativeTarget "MyScheduleUITests" */ = {
			isa = XCConfigurationList;
			buildConfigurations = (
				789A91C3280F2DA5006F6B61 /* Debug */,
				789A91C4280F2DA5006F6B61 /* Release */,
			);
			defaultConfigurationIsVisible = 0;
			defaultConfigurationName = Release;
		};
/* End XCConfigurationList section */
	};
	rootObject = 789A918A280F2DA3006F6B61 /* Project object */;
}
